
Microsoft Visual Studio Solution File, Format Version 12.00
# Visual Studio Version 17
VisualStudioVersion = 17.12.35707.178
MinimumVisualStudioVersion = 10.0.40219.1
Project("{FAE04EC0-301F-11D3-BF4B-00C04F79EFBC}") = "Task1_1", "Task1_1\Task1_1.csproj", "{9385FDA0-0ADA-4C5A-8E56-E845BDAC7B29}"
EndProject
Project("{FAE04EC0-301F-11D3-BF4B-00C04F79EFBC}") = "Task2_1", "Task2_1\Task2_1.csproj", "{5CC6B0D5-15DA-469E-8451-F65712643CE7}"
EndProject
Project("{FAE04EC0-301F-11D3-BF4B-00C04F79EFBC}") = "Task2_2", "Task2_2\Task2_2.csproj", "{BC93636B-567B-4156-8E7B-02273F425933}"
EndProject
Project("{FAE04EC0-301F-11D3-BF4B-00C04F79EFBC}") = "Task2_3", "Task2_3\Task2_3.csproj", "{8639EC2B-A2DA-4BDD-9256-9D88DD316672}"
EndProject
Project("{FAE04EC0-301F-11D3-BF4B-00C04F79EFBC}") = "Task2_4", "Task2_4\Task2_4.csproj", "{54DD2725-4A80-49E7-867B-7204ED5A9DFB}"
EndProject
Project("{FAE04EC0-301F-11D3-BF4B-00C04F79EFBC}") = "Task2_5", "Task2_5\Task2_5.csproj", "{4936663E-9EEE-49D6-9A66-C0E7F5C0DBE4}"
EndProject
Project("{FAE04EC0-301F-11D3-BF4B-00C04F79EFBC}") = "Task4_1", "Task4_1\Task4_1.csproj", "{0BE9D329-12E4-44C5-AA62-D3758B978E98}"
EndProject
Global
	GlobalSection(SolutionConfigurationPlatforms) = preSolution
		Debug|Any CPU = Debug|Any CPU
		Release|Any CPU = Release|Any CPU
	EndGlobalSection
	GlobalSection(ProjectConfigurationPlatforms) = postSolution
		{9385FDA0-0ADA-4C5A-8E56-E845BDAC7B29}.Debug|Any CPU.ActiveCfg = Debug|Any CPU
		{9385FDA0-0ADA-4C5A-8E56-E845BDAC7B29}.Debug|Any CPU.Build.0 = Debug|Any CPU
		{9385FDA0-0ADA-4C5A-8E56-E845BDAC7B29}.Release|Any CPU.ActiveCfg = Release|Any CPU
		{9385FDA0-0ADA-4C5A-8E56-E845BDAC7B29}.Release|Any CPU.Build.0 = Release|Any CPU
		{5CC6B0D5-15DA-469E-8451-F65712643CE7}.Debug|Any CPU.ActiveCfg = Debug|Any CPU
		{5CC6B0D5-15DA-469E-8451-F65712643CE7}.Debug|Any CPU.Build.0 = Debug|Any CPU
		{5CC6B0D5-15DA-469E-8451-F65712643CE7}.Release|Any CPU.ActiveCfg = Release|Any CPU
		{5CC6B0D5-15DA-469E-8451-F65712643CE7}.Release|Any CPU.Build.0 = Release|Any CPU
		{BC93636B-567B-4156-8E7B-02273F425933}.Debug|Any CPU.ActiveCfg = Debug|Any CPU
		{BC93636B-567B-4156-8E7B-02273F425933}.Debug|Any CPU.Build.0 = Debug|Any CPU
		{BC93636B-567B-4156-8E7B-02273F425933}.Release|Any CPU.ActiveCfg = Release|Any CPU
		{BC93636B-567B-4156-8E7B-02273F425933}.Release|Any CPU.Build.0 = Release|Any CPU
		{8639EC2B-A2DA-4BDD-9256-9D88DD316672}.Debug|Any CPU.ActiveCfg = Debug|Any CPU
		{8639EC2B-A2DA-4BDD-9256-9D88DD316672}.Debug|Any CPU.Build.0 = Debug|Any CPU
		{8639EC2B-A2DA-4BDD-9256-9D88DD316672}.Release|Any CPU.ActiveCfg = Release|Any CPU
		{8639EC2B-A2DA-4BDD-9256-9D88DD316672}.Release|Any CPU.Build.0 = Release|Any CPU
		{54DD2725-4A80-49E7-867B-7204ED5A9DFB}.Debug|Any CPU.ActiveCfg = Debug|Any CPU
		{54DD2725-4A80-49E7-867B-7204ED5A9DFB}.Debug|Any CPU.Build.0 = Debug|Any CPU
		{54DD2725-4A80-49E7-867B-7204ED5A9DFB}.Release|Any CPU.ActiveCfg = Release|Any CPU
		{54DD2725-4A80-49E7-867B-7204ED5A9DFB}.Release|Any CPU.Build.0 = Release|Any CPU
		{4936663E-9EEE-49D6-9A66-C0E7F5C0DBE4}.Debug|Any CPU.ActiveCfg = Debug|Any CPU
		{4936663E-9EEE-49D6-9A66-C0E7F5C0DBE4}.Debug|Any CPU.Build.0 = Debug|Any CPU
		{4936663E-9EEE-49D6-9A66-C0E7F5C0DBE4}.Release|Any CPU.ActiveCfg = Release|Any CPU
		{4936663E-9EEE-49D6-9A66-C0E7F5C0DBE4}.Release|Any CPU.Build.0 = Release|Any CPU
		{0BE9D329-12E4-44C5-AA62-D3758B978E98}.Debug|Any CPU.ActiveCfg = Debug|Any CPU
		{0BE9D329-12E4-44C5-AA62-D3758B978E98}.Debug|Any CPU.Build.0 = Debug|Any CPU
		{0BE9D329-12E4-44C5-AA62-D3758B978E98}.Release|Any CPU.ActiveCfg = Release|Any CPU
		{0BE9D329-12E4-44C5-AA62-D3758B978E98}.Release|Any CPU.Build.0 = Release|Any CPU
	EndGlobalSection
	GlobalSection(SolutionProperties) = preSolution
		HideSolutionNode = FALSE
	EndGlobalSection
EndGlobal
