
Microsoft Visual Studio Solution File, Format Version 12.00
# Visual Studio Version 17
VisualStudioVersion = 17.12.35707.178
MinimumVisualStudioVersion = 10.0.40219.1
Project("{FAE04EC0-301F-11D3-BF4B-00C04F79EFBC}") = "Task1_1", "Task1_1\Task1_1.csproj", "{9385FDA0-0ADA-4C5A-8E56-E845BDAC7B29}"
EndProject
Project("{FAE04EC0-301F-11D3-BF4B-00C04F79EFBC}") = "Task2_1", "Task2_1\Task2_1.csproj", "{5CC6B0D5-15DA-469E-8451-F65712643CE7}"
EndProject
Project("{FAE04EC0-301F-11D3-BF4B-00C04F79EFBC}") = "Task2_2", "Task2_2\Task2_2.csproj", "{BC93636B-567B-4156-8E7B-02273F425933}"
EndProject
Project("{FAE04EC0-301F-11D3-BF4B-00C04F79EFBC}") = "Task2_3", "Task2_3\Task2_3.csproj", "{8639EC2B-A2DA-4BDD-9256-9D88DD316672}"
EndProject
Project("{FAE04EC0-301F-11D3-BF4B-00C04F79EFBC}") = "Task2_4", "Task2_4\Task2_4.csproj", "{54DD2725-4A80-49E7-867B-7204ED5A9DFB}"
EndProject
Project("{FAE04EC0-301F-11D3-BF4B-00C04F79EFBC}") = "Task2_5", "Task2_5\Task2_5.csproj", "{4936663E-9EEE-49D6-9A66-C0E7F5C0DBE4}"
EndProject
Project("{FAE04EC0-301F-11D3-BF4B-00C04F79EFBC}") = "Task3_1", "Task3_1\Task3_1.csproj", "{F787FEA1-079D-4235-81D5-CF9C7D072D10}"
EndProject
Project("{FAE04EC0-301F-11D3-BF4B-00C04F79EFBC}") = "Task3_2", "Task3_2\Task3_2.csproj", "{B8835404-F219-4638-B93D-675D4E702A08}"
EndProject
Project("{FAE04EC0-301F-11D3-BF4B-00C04F79EFBC}") = "Task3_3", "Task3_3\Task3_3.csproj", "{83C50786-C6CD-49A6-8D89-C5D398D24CD5}"
EndProject
Project("{FAE04EC0-301F-11D3-BF4B-00C04F79EFBC}") = "Task3_4", "Task3_4\Task3_4.csproj", "{3CD4B94E-F9CE-4153-AEA0-A1E10C9FF00D}"
EndProject
Project("{FAE04EC0-301F-11D3-BF4B-00C04F79EFBC}") = "Task3_5", "Task3_5\Task3_5.csproj", "{8B608082-0BDB-4565-B77B-2973349E8D31}"
EndProject
Project("{FAE04EC0-301F-11D3-BF4B-00C04F79EFBC}") = "Task3_6", "Task3_6\Task3_6.csproj", "{0F817DDC-4A33-4CE1-99B3-9F43E7405C10}"
EndProject
Project("{FAE04EC0-301F-11D3-BF4B-00C04F79EFBC}") = "Task3_7", "Task3_7\Task3_7.csproj", "{214999AF-5C54-4B6B-A23C-DBD4AA13BB0A}"
EndProject
Project("{FAE04EC0-301F-11D3-BF4B-00C04F79EFBC}") = "Task3_8", "Task3_8\Task3_8.csproj", "{FB91E828-A338-4F4B-B168-26F6A3749647}"
EndProject
Project("{FAE04EC0-301F-11D3-BF4B-00C04F79EFBC}") = "Task3_9", "Task3_9\Task3_9.csproj", "{5F2FA6D7-8618-49F5-9F2D-84CDDD2F62F5}"
EndProject
Project("{FAE04EC0-301F-11D3-BF4B-00C04F79EFBC}") = "Task3_10", "Task3_10\Task3_10.csproj", "{DBFE7E54-99B7-4359-922F-E36BA0870990}"
EndProject
Project("{FAE04EC0-301F-11D3-BF4B-00C04F79EFBC}") = "Task3_11", "Task3_11\Task3_11.csproj", "{828001F8-2655-4270-9729-54E32124D5CE}"
EndProject
Project("{2150E333-8FDC-42A3-9474-1A3956D46DE8}") = "HomeWork2", "HomeWork2", "{957B6C07-BD85-4726-B5FA-64DFD4680E59}"
EndProject
Project("{2150E333-8FDC-42A3-9474-1A3956D46DE8}") = "HomeWork3", "HomeWork3", "{F14E6290-6BE8-49F5-96F3-4BAF513E2952}"
EndProject
Project("{FAE04EC0-301F-11D3-BF4B-00C04F79EFBC}") = "Task4_1", "Task4_1\Task4_1.csproj", "{0BE9D329-12E4-44C5-AA62-D3758B978E98}"
EndProject
Project("{FAE04EC0-301F-11D3-BF4B-00C04F79EFBC}") = "Task4_2", "Task4_2\Task4_2.csproj", "{1496FEA8-E4EA-41C2-B753-7FA5EDA9A156}"
EndProject
Project("{FAE04EC0-301F-11D3-BF4B-00C04F79EFBC}") = "Task4_3", "Task4_3\Task4_3.csproj", "{A31E6E62-A9AB-4704-AE07-AF3ADEB5497D}"
EndProject
Project("{FAE04EC0-301F-11D3-BF4B-00C04F79EFBC}") = "Task4_4", "Task4_4\Task4_4.csproj", "{746A7367-5C1B-45D4-8B84-8389A0C89C12}"
EndProject
Project("{FAE04EC0-301F-11D3-BF4B-00C04F79EFBC}") = "Task4_5", "Task4_5\Task4_5.csproj", "{C642A42B-BCB2-4AB8-A109-6B52CFC7D6F9}"
EndProject
Project("{FAE04EC0-301F-11D3-BF4B-00C04F79EFBC}") = "Task4_6", "Task4_6\Task4_6.csproj", "{B4F89F04-C23A-4A6F-BDBA-DB748FADC7F9}"
EndProject
Project("{FAE04EC0-301F-11D3-BF4B-00C04F79EFBC}") = "Task4_7", "Task4_7\Task4_7.csproj", "{D1181FD9-3054-4392-BD4E-F31CE2204431}"
EndProject
Project("{2150E333-8FDC-42A3-9474-1A3956D46DE8}") = "HomeWork4", "HomeWork4", "{CDE4C309-45DD-43D8-AA8F-57A2F6439462}"
EndProject
Project("{FAE04EC0-301F-11D3-BF4B-00C04F79EFBC}") = "Task5_2", "Task5_2\Task5_2.csproj", "{3CC2C632-20CE-44AD-8A8A-F4E078E9BBC8}"
EndProject
Project("{FAE04EC0-301F-11D3-BF4B-00C04F79EFBC}") = "Task5_3", "Task5_3\Task5_3.csproj", "{B36F0D68-9478-4746-BAD2-B8695BB70A45}"
EndProject
Project("{2150E333-8FDC-42A3-9474-1A3956D46DE8}") = "HomeWork1", "HomeWork1", "{5D657BFF-1889-4586-BC28-16FFE735E5C5}"
EndProject
Project("{FAE04EC0-301F-11D3-BF4B-00C04F79EFBC}") = "Task5_1", "Task5_1\Task5_1.csproj", "{236198A8-2314-4EFD-98D8-F7EEF0472A04}"
EndProject
Project("{2150E333-8FDC-42A3-9474-1A3956D46DE8}") = "HomeWork5", "HomeWork5", "{D0A2D240-4A16-4195-9572-C230AD80DA6D}"
EndProject
Project("{FAE04EC0-301F-11D3-BF4B-00C04F79EFBC}") = "Task5_4", "Task5_4\Task5_4.csproj", "{371B6535-AD81-43AD-8762-B2F7FA5F6642}"
EndProject
Project("{FAE04EC0-301F-11D3-BF4B-00C04F79EFBC}") = "Task5_5", "Task5_5\Task5_5.csproj", "{112E3180-4CD5-4C76-8804-0030886E6E31}"
EndProject
Global
	GlobalSection(SolutionConfigurationPlatforms) = preSolution
		Debug|Any CPU = Debug|Any CPU
		Release|Any CPU = Release|Any CPU
	EndGlobalSection
	GlobalSection(ProjectConfigurationPlatforms) = postSolution
		{9385FDA0-0ADA-4C5A-8E56-E845BDAC7B29}.Debug|Any CPU.ActiveCfg = Debug|Any CPU
		{9385FDA0-0ADA-4C5A-8E56-E845BDAC7B29}.Debug|Any CPU.Build.0 = Debug|Any CPU
		{9385FDA0-0ADA-4C5A-8E56-E845BDAC7B29}.Release|Any CPU.ActiveCfg = Release|Any CPU
		{9385FDA0-0ADA-4C5A-8E56-E845BDAC7B29}.Release|Any CPU.Build.0 = Release|Any CPU
		{5CC6B0D5-15DA-469E-8451-F65712643CE7}.Debug|Any CPU.ActiveCfg = Debug|Any CPU
		{5CC6B0D5-15DA-469E-8451-F65712643CE7}.Debug|Any CPU.Build.0 = Debug|Any CPU
		{5CC6B0D5-15DA-469E-8451-F65712643CE7}.Release|Any CPU.ActiveCfg = Release|Any CPU
		{5CC6B0D5-15DA-469E-8451-F65712643CE7}.Release|Any CPU.Build.0 = Release|Any CPU
		{BC93636B-567B-4156-8E7B-02273F425933}.Debug|Any CPU.ActiveCfg = Debug|Any CPU
		{BC93636B-567B-4156-8E7B-02273F425933}.Debug|Any CPU.Build.0 = Debug|Any CPU
		{BC93636B-567B-4156-8E7B-02273F425933}.Release|Any CPU.ActiveCfg = Release|Any CPU
		{BC93636B-567B-4156-8E7B-02273F425933}.Release|Any CPU.Build.0 = Release|Any CPU
		{8639EC2B-A2DA-4BDD-9256-9D88DD316672}.Debug|Any CPU.ActiveCfg = Debug|Any CPU
		{8639EC2B-A2DA-4BDD-9256-9D88DD316672}.Debug|Any CPU.Build.0 = Debug|Any CPU
		{8639EC2B-A2DA-4BDD-9256-9D88DD316672}.Release|Any CPU.ActiveCfg = Release|Any CPU
		{8639EC2B-A2DA-4BDD-9256-9D88DD316672}.Release|Any CPU.Build.0 = Release|Any CPU
		{54DD2725-4A80-49E7-867B-7204ED5A9DFB}.Debug|Any CPU.ActiveCfg = Debug|Any CPU
		{54DD2725-4A80-49E7-867B-7204ED5A9DFB}.Debug|Any CPU.Build.0 = Debug|Any CPU
		{54DD2725-4A80-49E7-867B-7204ED5A9DFB}.Release|Any CPU.ActiveCfg = Release|Any CPU
		{54DD2725-4A80-49E7-867B-7204ED5A9DFB}.Release|Any CPU.Build.0 = Release|Any CPU
		{4936663E-9EEE-49D6-9A66-C0E7F5C0DBE4}.Debug|Any CPU.ActiveCfg = Debug|Any CPU
		{4936663E-9EEE-49D6-9A66-C0E7F5C0DBE4}.Debug|Any CPU.Build.0 = Debug|Any CPU
		{4936663E-9EEE-49D6-9A66-C0E7F5C0DBE4}.Release|Any CPU.ActiveCfg = Release|Any CPU
		{4936663E-9EEE-49D6-9A66-C0E7F5C0DBE4}.Release|Any CPU.Build.0 = Release|Any CPU
		{F787FEA1-079D-4235-81D5-CF9C7D072D10}.Debug|Any CPU.ActiveCfg = Debug|Any CPU
		{F787FEA1-079D-4235-81D5-CF9C7D072D10}.Debug|Any CPU.Build.0 = Debug|Any CPU
		{F787FEA1-079D-4235-81D5-CF9C7D072D10}.Release|Any CPU.ActiveCfg = Release|Any CPU
		{F787FEA1-079D-4235-81D5-CF9C7D072D10}.Release|Any CPU.Build.0 = Release|Any CPU
		{B8835404-F219-4638-B93D-675D4E702A08}.Debug|Any CPU.ActiveCfg = Debug|Any CPU
		{B8835404-F219-4638-B93D-675D4E702A08}.Debug|Any CPU.Build.0 = Debug|Any CPU
		{B8835404-F219-4638-B93D-675D4E702A08}.Release|Any CPU.ActiveCfg = Release|Any CPU
		{B8835404-F219-4638-B93D-675D4E702A08}.Release|Any CPU.Build.0 = Release|Any CPU
		{83C50786-C6CD-49A6-8D89-C5D398D24CD5}.Debug|Any CPU.ActiveCfg = Debug|Any CPU
		{83C50786-C6CD-49A6-8D89-C5D398D24CD5}.Debug|Any CPU.Build.0 = Debug|Any CPU
		{83C50786-C6CD-49A6-8D89-C5D398D24CD5}.Release|Any CPU.ActiveCfg = Release|Any CPU
		{83C50786-C6CD-49A6-8D89-C5D398D24CD5}.Release|Any CPU.Build.0 = Release|Any CPU
		{3CD4B94E-F9CE-4153-AEA0-A1E10C9FF00D}.Debug|Any CPU.ActiveCfg = Debug|Any CPU
		{3CD4B94E-F9CE-4153-AEA0-A1E10C9FF00D}.Debug|Any CPU.Build.0 = Debug|Any CPU
		{3CD4B94E-F9CE-4153-AEA0-A1E10C9FF00D}.Release|Any CPU.ActiveCfg = Release|Any CPU
		{3CD4B94E-F9CE-4153-AEA0-A1E10C9FF00D}.Release|Any CPU.Build.0 = Release|Any CPU
		{8B608082-0BDB-4565-B77B-2973349E8D31}.Debug|Any CPU.ActiveCfg = Debug|Any CPU
		{8B608082-0BDB-4565-B77B-2973349E8D31}.Debug|Any CPU.Build.0 = Debug|Any CPU
		{8B608082-0BDB-4565-B77B-2973349E8D31}.Release|Any CPU.ActiveCfg = Release|Any CPU
		{8B608082-0BDB-4565-B77B-2973349E8D31}.Release|Any CPU.Build.0 = Release|Any CPU
		{0F817DDC-4A33-4CE1-99B3-9F43E7405C10}.Debug|Any CPU.ActiveCfg = Debug|Any CPU
		{0F817DDC-4A33-4CE1-99B3-9F43E7405C10}.Debug|Any CPU.Build.0 = Debug|Any CPU
		{0F817DDC-4A33-4CE1-99B3-9F43E7405C10}.Release|Any CPU.ActiveCfg = Release|Any CPU
		{0F817DDC-4A33-4CE1-99B3-9F43E7405C10}.Release|Any CPU.Build.0 = Release|Any CPU
		{214999AF-5C54-4B6B-A23C-DBD4AA13BB0A}.Debug|Any CPU.ActiveCfg = Debug|Any CPU
		{214999AF-5C54-4B6B-A23C-DBD4AA13BB0A}.Debug|Any CPU.Build.0 = Debug|Any CPU
		{214999AF-5C54-4B6B-A23C-DBD4AA13BB0A}.Release|Any CPU.ActiveCfg = Release|Any CPU
		{214999AF-5C54-4B6B-A23C-DBD4AA13BB0A}.Release|Any CPU.Build.0 = Release|Any CPU
		{FB91E828-A338-4F4B-B168-26F6A3749647}.Debug|Any CPU.ActiveCfg = Debug|Any CPU
		{FB91E828-A338-4F4B-B168-26F6A3749647}.Debug|Any CPU.Build.0 = Debug|Any CPU
		{FB91E828-A338-4F4B-B168-26F6A3749647}.Release|Any CPU.ActiveCfg = Release|Any CPU
		{FB91E828-A338-4F4B-B168-26F6A3749647}.Release|Any CPU.Build.0 = Release|Any CPU
		{5F2FA6D7-8618-49F5-9F2D-84CDDD2F62F5}.Debug|Any CPU.ActiveCfg = Debug|Any CPU
		{5F2FA6D7-8618-49F5-9F2D-84CDDD2F62F5}.Debug|Any CPU.Build.0 = Debug|Any CPU
		{5F2FA6D7-8618-49F5-9F2D-84CDDD2F62F5}.Release|Any CPU.ActiveCfg = Release|Any CPU
		{5F2FA6D7-8618-49F5-9F2D-84CDDD2F62F5}.Release|Any CPU.Build.0 = Release|Any CPU
		{DBFE7E54-99B7-4359-922F-E36BA0870990}.Debug|Any CPU.ActiveCfg = Debug|Any CPU
		{DBFE7E54-99B7-4359-922F-E36BA0870990}.Debug|Any CPU.Build.0 = Debug|Any CPU
		{DBFE7E54-99B7-4359-922F-E36BA0870990}.Release|Any CPU.ActiveCfg = Release|Any CPU
		{DBFE7E54-99B7-4359-922F-E36BA0870990}.Release|Any CPU.Build.0 = Release|Any CPU
		{828001F8-2655-4270-9729-54E32124D5CE}.Debug|Any CPU.ActiveCfg = Debug|Any CPU
		{828001F8-2655-4270-9729-54E32124D5CE}.Debug|Any CPU.Build.0 = Debug|Any CPU
		{828001F8-2655-4270-9729-54E32124D5CE}.Release|Any CPU.ActiveCfg = Release|Any CPU
		{828001F8-2655-4270-9729-54E32124D5CE}.Release|Any CPU.Build.0 = Release|Any CPU
		{0BE9D329-12E4-44C5-AA62-D3758B978E98}.Debug|Any CPU.ActiveCfg = Debug|Any CPU
		{0BE9D329-12E4-44C5-AA62-D3758B978E98}.Debug|Any CPU.Build.0 = Debug|Any CPU
		{0BE9D329-12E4-44C5-AA62-D3758B978E98}.Release|Any CPU.ActiveCfg = Release|Any CPU
		{0BE9D329-12E4-44C5-AA62-D3758B978E98}.Release|Any CPU.Build.0 = Release|Any CPU
		{1496FEA8-E4EA-41C2-B753-7FA5EDA9A156}.Debug|Any CPU.ActiveCfg = Debug|Any CPU
		{1496FEA8-E4EA-41C2-B753-7FA5EDA9A156}.Debug|Any CPU.Build.0 = Debug|Any CPU
		{1496FEA8-E4EA-41C2-B753-7FA5EDA9A156}.Release|Any CPU.ActiveCfg = Release|Any CPU
		{1496FEA8-E4EA-41C2-B753-7FA5EDA9A156}.Release|Any CPU.Build.0 = Release|Any CPU
		{A31E6E62-A9AB-4704-AE07-AF3ADEB5497D}.Debug|Any CPU.ActiveCfg = Debug|Any CPU
		{A31E6E62-A9AB-4704-AE07-AF3ADEB5497D}.Debug|Any CPU.Build.0 = Debug|Any CPU
		{A31E6E62-A9AB-4704-AE07-AF3ADEB5497D}.Release|Any CPU.ActiveCfg = Release|Any CPU
		{A31E6E62-A9AB-4704-AE07-AF3ADEB5497D}.Release|Any CPU.Build.0 = Release|Any CPU
		{746A7367-5C1B-45D4-8B84-8389A0C89C12}.Debug|Any CPU.ActiveCfg = Debug|Any CPU
		{746A7367-5C1B-45D4-8B84-8389A0C89C12}.Debug|Any CPU.Build.0 = Debug|Any CPU
		{746A7367-5C1B-45D4-8B84-8389A0C89C12}.Release|Any CPU.ActiveCfg = Release|Any CPU
		{746A7367-5C1B-45D4-8B84-8389A0C89C12}.Release|Any CPU.Build.0 = Release|Any CPU
		{C642A42B-BCB2-4AB8-A109-6B52CFC7D6F9}.Debug|Any CPU.ActiveCfg = Debug|Any CPU
		{C642A42B-BCB2-4AB8-A109-6B52CFC7D6F9}.Debug|Any CPU.Build.0 = Debug|Any CPU
		{C642A42B-BCB2-4AB8-A109-6B52CFC7D6F9}.Release|Any CPU.ActiveCfg = Release|Any CPU
		{C642A42B-BCB2-4AB8-A109-6B52CFC7D6F9}.Release|Any CPU.Build.0 = Release|Any CPU
		{B4F89F04-C23A-4A6F-BDBA-DB748FADC7F9}.Debug|Any CPU.ActiveCfg = Debug|Any CPU
		{B4F89F04-C23A-4A6F-BDBA-DB748FADC7F9}.Debug|Any CPU.Build.0 = Debug|Any CPU
		{B4F89F04-C23A-4A6F-BDBA-DB748FADC7F9}.Release|Any CPU.ActiveCfg = Release|Any CPU
		{B4F89F04-C23A-4A6F-BDBA-DB748FADC7F9}.Release|Any CPU.Build.0 = Release|Any CPU
		{D1181FD9-3054-4392-BD4E-F31CE2204431}.Debug|Any CPU.ActiveCfg = Debug|Any CPU
		{D1181FD9-3054-4392-BD4E-F31CE2204431}.Debug|Any CPU.Build.0 = Debug|Any CPU
		{D1181FD9-3054-4392-BD4E-F31CE2204431}.Release|Any CPU.ActiveCfg = Release|Any CPU
		{D1181FD9-3054-4392-BD4E-F31CE2204431}.Release|Any CPU.Build.0 = Release|Any CPU
		{3CC2C632-20CE-44AD-8A8A-F4E078E9BBC8}.Debug|Any CPU.ActiveCfg = Debug|Any CPU
		{3CC2C632-20CE-44AD-8A8A-F4E078E9BBC8}.Debug|Any CPU.Build.0 = Debug|Any CPU
		{3CC2C632-20CE-44AD-8A8A-F4E078E9BBC8}.Release|Any CPU.ActiveCfg = Release|Any CPU
		{3CC2C632-20CE-44AD-8A8A-F4E078E9BBC8}.Release|Any CPU.Build.0 = Release|Any CPU
		{B36F0D68-9478-4746-BAD2-B8695BB70A45}.Debug|Any CPU.ActiveCfg = Debug|Any CPU
		{B36F0D68-9478-4746-BAD2-B8695BB70A45}.Debug|Any CPU.Build.0 = Debug|Any CPU
		{B36F0D68-9478-4746-BAD2-B8695BB70A45}.Release|Any CPU.ActiveCfg = Release|Any CPU
		{B36F0D68-9478-4746-BAD2-B8695BB70A45}.Release|Any CPU.Build.0 = Release|Any CPU
		{236198A8-2314-4EFD-98D8-F7EEF0472A04}.Debug|Any CPU.ActiveCfg = Debug|Any CPU
		{236198A8-2314-4EFD-98D8-F7EEF0472A04}.Debug|Any CPU.Build.0 = Debug|Any CPU
		{236198A8-2314-4EFD-98D8-F7EEF0472A04}.Release|Any CPU.ActiveCfg = Release|Any CPU
		{236198A8-2314-4EFD-98D8-F7EEF0472A04}.Release|Any CPU.Build.0 = Release|Any CPU
		{371B6535-AD81-43AD-8762-B2F7FA5F6642}.Debug|Any CPU.ActiveCfg = Debug|Any CPU
		{371B6535-AD81-43AD-8762-B2F7FA5F6642}.Debug|Any CPU.Build.0 = Debug|Any CPU
		{371B6535-AD81-43AD-8762-B2F7FA5F6642}.Release|Any CPU.ActiveCfg = Release|Any CPU
		{371B6535-AD81-43AD-8762-B2F7FA5F6642}.Release|Any CPU.Build.0 = Release|Any CPU
		{112E3180-4CD5-4C76-8804-0030886E6E31}.Debug|Any CPU.ActiveCfg = Debug|Any CPU
		{112E3180-4CD5-4C76-8804-0030886E6E31}.Debug|Any CPU.Build.0 = Debug|Any CPU
		{112E3180-4CD5-4C76-8804-0030886E6E31}.Release|Any CPU.ActiveCfg = Release|Any CPU
		{112E3180-4CD5-4C76-8804-0030886E6E31}.Release|Any CPU.Build.0 = Release|Any CPU
	EndGlobalSection
	GlobalSection(SolutionProperties) = preSolution
		HideSolutionNode = FALSE
	EndGlobalSection
	GlobalSection(NestedProjects) = preSolution
		{9385FDA0-0ADA-4C5A-8E56-E845BDAC7B29} = {5D657BFF-1889-4586-BC28-16FFE735E5C5}
		{5CC6B0D5-15DA-469E-8451-F65712643CE7} = {957B6C07-BD85-4726-B5FA-64DFD4680E59}
		{BC93636B-567B-4156-8E7B-02273F425933} = {957B6C07-BD85-4726-B5FA-64DFD4680E59}
		{8639EC2B-A2DA-4BDD-9256-9D88DD316672} = {957B6C07-BD85-4726-B5FA-64DFD4680E59}
		{54DD2725-4A80-49E7-867B-7204ED5A9DFB} = {957B6C07-BD85-4726-B5FA-64DFD4680E59}
		{4936663E-9EEE-49D6-9A66-C0E7F5C0DBE4} = {957B6C07-BD85-4726-B5FA-64DFD4680E59}
		{F787FEA1-079D-4235-81D5-CF9C7D072D10} = {F14E6290-6BE8-49F5-96F3-4BAF513E2952}
		{B8835404-F219-4638-B93D-675D4E702A08} = {F14E6290-6BE8-49F5-96F3-4BAF513E2952}
		{83C50786-C6CD-49A6-8D89-C5D398D24CD5} = {F14E6290-6BE8-49F5-96F3-4BAF513E2952}
		{3CD4B94E-F9CE-4153-AEA0-A1E10C9FF00D} = {F14E6290-6BE8-49F5-96F3-4BAF513E2952}
		{8B608082-0BDB-4565-B77B-2973349E8D31} = {F14E6290-6BE8-49F5-96F3-4BAF513E2952}
		{0F817DDC-4A33-4CE1-99B3-9F43E7405C10} = {F14E6290-6BE8-49F5-96F3-4BAF513E2952}
		{214999AF-5C54-4B6B-A23C-DBD4AA13BB0A} = {F14E6290-6BE8-49F5-96F3-4BAF513E2952}
		{FB91E828-A338-4F4B-B168-26F6A3749647} = {F14E6290-6BE8-49F5-96F3-4BAF513E2952}
		{5F2FA6D7-8618-49F5-9F2D-84CDDD2F62F5} = {F14E6290-6BE8-49F5-96F3-4BAF513E2952}
		{DBFE7E54-99B7-4359-922F-E36BA0870990} = {F14E6290-6BE8-49F5-96F3-4BAF513E2952}
		{828001F8-2655-4270-9729-54E32124D5CE} = {F14E6290-6BE8-49F5-96F3-4BAF513E2952}
		{0BE9D329-12E4-44C5-AA62-D3758B978E98} = {CDE4C309-45DD-43D8-AA8F-57A2F6439462}
		{1496FEA8-E4EA-41C2-B753-7FA5EDA9A156} = {CDE4C309-45DD-43D8-AA8F-57A2F6439462}
		{A31E6E62-A9AB-4704-AE07-AF3ADEB5497D} = {CDE4C309-45DD-43D8-AA8F-57A2F6439462}
		{746A7367-5C1B-45D4-8B84-8389A0C89C12} = {CDE4C309-45DD-43D8-AA8F-57A2F6439462}
		{C642A42B-BCB2-4AB8-A109-6B52CFC7D6F9} = {CDE4C309-45DD-43D8-AA8F-57A2F6439462}
		{B4F89F04-C23A-4A6F-BDBA-DB748FADC7F9} = {CDE4C309-45DD-43D8-AA8F-57A2F6439462}
		{D1181FD9-3054-4392-BD4E-F31CE2204431} = {CDE4C309-45DD-43D8-AA8F-57A2F6439462}
		{3CC2C632-20CE-44AD-8A8A-F4E078E9BBC8} = {D0A2D240-4A16-4195-9572-C230AD80DA6D}
		{B36F0D68-9478-4746-BAD2-B8695BB70A45} = {D0A2D240-4A16-4195-9572-C230AD80DA6D}
		{236198A8-2314-4EFD-98D8-F7EEF0472A04} = {D0A2D240-4A16-4195-9572-C230AD80DA6D}
		{371B6535-AD81-43AD-8762-B2F7FA5F6642} = {D0A2D240-4A16-4195-9572-C230AD80DA6D}
		{112E3180-4CD5-4C76-8804-0030886E6E31} = {D0A2D240-4A16-4195-9572-C230AD80DA6D}
	EndGlobalSection
EndGlobal
